<?xml version="1.0" encoding="utf-8"?>
<Project ToolsVersion="4.0" xmlns="http://schemas.microsoft.com/developer/msbuild/2003">
  <ItemGroup>
    <Filter Include="Source Files">
      <UniqueIdentifier>{4FC737F1-C7A5-4376-A066-2A32D752A2FF}</UniqueIdentifier>
      <Extensions>cpp;c;cc;cxx;c++;cppm;ixx;def;odl;idl;hpj;bat;asm;asmx</Extensions>
    </Filter>
    <Filter Include="Header Files">
      <UniqueIdentifier>{93995380-89BD-4b04-88EB-625FBE52EBFB}</UniqueIdentifier>
      <Extensions>h;hh;hpp;hxx;h++;hm;inl;inc;ipp;xsd</Extensions>
    </Filter>
    <Filter Include="Resource Files">
      <UniqueIdentifier>{67DA6AB6-F800-4c08-8B7A-83BB121AAD01}</UniqueIdentifier>
      <Extensions>rc;ico;cur;bmp;dlg;rc2;rct;bin;rgs;gif;jpg;jpeg;jpe;resx;tiff;tif;png;wav;mfcribbon-ms</Extensions>
    </Filter>
    <Filter Include="Header Files\Game Map">
      <UniqueIdentifier>{1f44ca50-732b-4074-ae43-7c8c8b32d796}</UniqueIdentifier>
    </Filter>
    <Filter Include="Source Files\Game Map">
      <UniqueIdentifier>{ee48e5fd-14fa-4952-8bec-cc58ba28245b}</UniqueIdentifier>
    </Filter>
    <Filter Include="Header Files\Raycast">
      <UniqueIdentifier>{b7f71458-d971-43ee-8e83-56f066f26e47}</UniqueIdentifier>
    </Filter>
    <Filter Include="Source Files\Main Stuff">
      <UniqueIdentifier>{c2330ff9-3a16-413e-8de3-ce34f2f10d68}</UniqueIdentifier>
    </Filter>
    <Filter Include="Header Files\Main Stuff">
      <UniqueIdentifier>{f2c1c982-66e5-4a58-8665-114a6ef467b1}</UniqueIdentifier>
    </Filter>
    <Filter Include="Source Files\Raycast">
      <UniqueIdentifier>{347cf6af-b2f1-4359-aeec-71c833ace9c4}</UniqueIdentifier>
    </Filter>
    <Filter Include="Header Files\Resources">
      <UniqueIdentifier>{ea4706f0-67c1-43e8-8ffe-870adac19bc9}</UniqueIdentifier>
    </Filter>
    <Filter Include="Header Files\Resources\Resource Holder">
      <UniqueIdentifier>{8785180f-43ec-4bdb-a08d-5b636c715eb0}</UniqueIdentifier>
    </Filter>
    <Filter Include="Header Files\Resources\Textures">
      <UniqueIdentifier>{eedac5d1-8310-4b99-9a9a-c7fa605b6441}</UniqueIdentifier>
    </Filter>
  </ItemGroup>
  <ItemGroup>
    <ClCompile Include="game_map.cpp">
      <Filter>Source Files\Game Map</Filter>
    </ClCompile>
    <ClCompile Include="rng.cpp">
      <Filter>Source Files\Game Map</Filter>
    </ClCompile>
    <ClCompile Include="room.cpp">
      <Filter>Source Files\Game Map</Filter>
    </ClCompile>
    <ClCompile Include="util.cpp">
      <Filter>Source Files\Game Map</Filter>
    </ClCompile>
    <ClCompile Include="player.cpp">
      <Filter>Source Files\Main Stuff</Filter>
    </ClCompile>
    <ClCompile Include="bullet.cpp">
      <Filter>Source Files\Main Stuff</Filter>
    </ClCompile>
    <ClCompile Include="game.cpp">
      <Filter>Source Files\Main Stuff</Filter>
    </ClCompile>
    <ClCompile Include="main.cpp">
      <Filter>Source Files\Main Stuff</Filter>
    </ClCompile>
    <ClCompile Include="ray.cpp">
      <Filter>Source Files\Raycast</Filter>
    </ClCompile>
  </ItemGroup>
  <ItemGroup>
    <ClInclude Include="rng.h">
      <Filter>Header Files\Game Map</Filter>
    </ClInclude>
    <ClInclude Include="util.h">
      <Filter>Header Files\Game Map</Filter>
    </ClInclude>
    <ClInclude Include="room.h">
      <Filter>Header Files\Game Map</Filter>
    </ClInclude>
    <ClInclude Include="game_map.h">
      <Filter>Header Files\Game Map</Filter>
    </ClInclude>
    <ClInclude Include="player.h">
      <Filter>Header Files\Main Stuff</Filter>
    </ClInclude>
    <ClInclude Include="bullet.h">
      <Filter>Header Files\Main Stuff</Filter>
    </ClInclude>
    <ClInclude Include="game.h">
      <Filter>Header Files\Main Stuff</Filter>
    </ClInclude>
    <ClInclude Include="ray.h">
      <Filter>Header Files\Raycast</Filter>
    </ClInclude>
    <ClInclude Include="config.h">
      <Filter>Header Files\Main Stuff</Filter>
    </ClInclude>
    <ClInclude Include="resource_holder.hpp">
      <Filter>Header Files\Resources\Resource Holder</Filter>
    </ClInclude>
    <ClInclude Include="texture_holders.h">
      <Filter>Header Files\Resources\Textures</Filter>
    </ClInclude>
  </ItemGroup>
  <ItemGroup>
    <None Include="resource_holder.inl">
      <Filter>Header Files\Resources\Resource Holder</Filter>
    </None>
  </ItemGroup>
</Project>